
Microsoft Visual Studio Solution File, Format Version 12.00
# Visual Studio Version 17
VisualStudioVersion = 17.8.34316.72
MinimumVisualStudioVersion = 10.0.40219.1
Project("{8BC9CEB8-8B4A-11D0-8D11-00A0C91BC942}") = "VScriptAutoPatcher", "VScriptAutoPatcher\VScriptAutoPatcher.vcxproj", "{B05FC70F-BEC8-46C8-B6D5-B509D26CA55D}"
EndProject
Global
	GlobalSection(SolutionConfigurationPlatforms) = preSolution
		Debug|x64 = Debug|x64
		Debug|x86 = Debug|x86
		Release|x64 = Release|x64
		Release|x86 = Release|x86
	EndGlobalSection
	GlobalSection(ProjectConfigurationPlatforms) = postSolution
		{B05FC70F-BEC8-46C8-B6D5-B509D26CA55D}.Debug|x64.ActiveCfg = Debug|x64
		{B05FC70F-BEC8-46C8-B6D5-B509D26CA55D}.Debug|x64.Build.0 = Debug|x64
		{B05FC70F-BEC8-46C8-B6D5-B509D26CA55D}.Debug|x86.ActiveCfg = Debug|Win32
		{B05FC70F-BEC8-46C8-B6D5-B509D26CA55D}.Debug|x86.Build.0 = Debug|Win32
		{B05FC70F-BEC8-46C8-B6D5-B509D26CA55D}.Release|x64.ActiveCfg = Release|x64
		{B05FC70F-BEC8-46C8-B6D5-B509D26CA55D}.Release|x64.Build.0 = Release|x64
		{B05FC70F-BEC8-46C8-B6D5-B509D26CA55D}.Release|x86.ActiveCfg = Release|Win32
		{B05FC70F-BEC8-46C8-B6D5-B509D26CA55D}.Release|x86.Build.0 = Release|Win32
	EndGlobalSection
	GlobalSection(SolutionProperties) = preSolution
		HideSolutionNode = FALSE
	EndGlobalSection
	GlobalSection(ExtensibilityGlobals) = postSolution
		SolutionGuid = {6BBE60E8-380D-4EF5-999E-E3474CE54BD0}
	EndGlobalSection
EndGlobal
